
Microsoft Visual Studio Solution File, Format Version 12.00
# Visual Studio 15
VisualStudioVersion = 15.0.26430.16
MinimumVisualStudioVersion = 10.0.40219.1
Project("{F5034706-568F-408A-B7B3-4D38C6DB8A32}") = "samples", "samples\samples.pssproj", "{B2D6F818-CC20-4D4D-B416-A851D8E95F2F}"
EndProject
Project("{FAE04EC0-301F-11D3-BF4B-00C04F79EFBC}") = "Adoxio.Dynamics.ImportPackage", "src\Adoxio.Dynamics.ImportPackage\Adoxio.Dynamics.ImportPackage.csproj", "{170C0103-3F94-4896-9062-6314167F596A}"
EndProject
Project("{F5034706-568F-408A-B7B3-4D38C6DB8A32}") = "Adoxio.Dynamics.DevOps", "src\Adoxio.Dynamics.DevOps\Adoxio.Dynamics.DevOps.pssproj", "{6CAFC0C6-A428-4D30-A9F9-700E829FEA51}"
EndProject
Global
	GlobalSection(SolutionConfigurationPlatforms) = preSolution
		Debug|Any CPU = Debug|Any CPU
		Release|Any CPU = Release|Any CPU
	EndGlobalSection
	GlobalSection(ProjectConfigurationPlatforms) = postSolution
		{B2D6F818-CC20-4D4D-B416-A851D8E95F2F}.Debug|Any CPU.ActiveCfg = Debug|Any CPU
		{B2D6F818-CC20-4D4D-B416-A851D8E95F2F}.Debug|Any CPU.Build.0 = Debug|Any CPU
		{B2D6F818-CC20-4D4D-B416-A851D8E95F2F}.Release|Any CPU.ActiveCfg = Release|Any CPU
		{B2D6F818-CC20-4D4D-B416-A851D8E95F2F}.Release|Any CPU.Build.0 = Release|Any CPU
		{170C0103-3F94-4896-9062-6314167F596A}.Debug|Any CPU.ActiveCfg = Debug|Any CPU
		{170C0103-3F94-4896-9062-6314167F596A}.Debug|Any CPU.Build.0 = Debug|Any CPU
		{170C0103-3F94-4896-9062-6314167F596A}.Release|Any CPU.ActiveCfg = Release|Any CPU
		{170C0103-3F94-4896-9062-6314167F596A}.Release|Any CPU.Build.0 = Release|Any CPU
		{6CAFC0C6-A428-4D30-A9F9-700E829FEA51}.Debug|Any CPU.ActiveCfg = Debug|Any CPU
		{6CAFC0C6-A428-4D30-A9F9-700E829FEA51}.Debug|Any CPU.Build.0 = Debug|Any CPU
		{6CAFC0C6-A428-4D30-A9F9-700E829FEA51}.Release|Any CPU.ActiveCfg = Release|Any CPU
		{6CAFC0C6-A428-4D30-A9F9-700E829FEA51}.Release|Any CPU.Build.0 = Release|Any CPU
	EndGlobalSection
	GlobalSection(SolutionProperties) = preSolution
		HideSolutionNode = FALSE
	EndGlobalSection
EndGlobal
